// !$*UTF8*$!
{
	archiveVersion = 1;
	classes = {
	};
	objectVersion = 50;
	objects = {

/* Begin PBXBuildFile section */
		742A10DB211EEB6B00A80E15 /* AppDelegate.swift in Sources */ = {isa = PBXBuildFile; fileRef = 742A10DA211EEB6B00A80E15 /* AppDelegate.swift */; };
		742A10DD211EEB6B00A80E15 /* TodoListViewController.swift in Sources */ = {isa = PBXBuildFile; fileRef = 742A10DC211EEB6B00A80E15 /* TodoListViewController.swift */; };
		742A10E0211EEB6B00A80E15 /* Main.storyboard in Resources */ = {isa = PBXBuildFile; fileRef = 742A10DE211EEB6B00A80E15 /* Main.storyboard */; };
		742A10E2211EEB9100A80E15 /* Assets.xcassets in Resources */ = {isa = PBXBuildFile; fileRef = 742A10E1211EEB9100A80E15 /* Assets.xcassets */; };
		742A10E5211EEB9100A80E15 /* LaunchScreen.storyboard in Resources */ = {isa = PBXBuildFile; fileRef = 742A10E3211EEB9100A80E15 /* LaunchScreen.storyboard */; };
		74329FA12123011F00D3E698 /* CategoryViewController.swift in Sources */ = {isa = PBXBuildFile; fileRef = 74329FA02123011F00D3E698 /* CategoryViewController.swift */; };
		74476DD92129A1CD00215D65 /* SwipeTableViewController.swift in Sources */ = {isa = PBXBuildFile; fileRef = 74476DD82129A1CD00215D65 /* SwipeTableViewController.swift */; };
		74BF287121288C440088DFE1 /* Item.swift in Sources */ = {isa = PBXBuildFile; fileRef = 74BF287021288C440088DFE1 /* Item.swift */; };
		74BF287321288C5A0088DFE1 /* Category.swift in Sources */ = {isa = PBXBuildFile; fileRef = 74BF287221288C5A0088DFE1 /* Category.swift */; };
		E298ACD21138BB021D52371F /* Pods_Todoey.framework in Frameworks */ = {isa = PBXBuildFile; fileRef = 5FB0DD32678B3246B1AC719D /* Pods_Todoey.framework */; };
/* End PBXBuildFile section */

/* Begin PBXFileReference section */
		5D2783F9FF99DFBF4ACE7374 /* Pods-Todoey.release.xcconfig */ = {isa = PBXFileReference; includeInIndex = 1; lastKnownFileType = text.xcconfig; name = "Pods-Todoey.release.xcconfig"; path = "Pods/Target Support Files/Pods-Todoey/Pods-Todoey.release.xcconfig"; sourceTree = "<group>"; };
		5FB0DD32678B3246B1AC719D /* Pods_Todoey.framework */ = {isa = PBXFileReference; explicitFileType = wrapper.framework; includeInIndex = 0; path = Pods_Todoey.framework; sourceTree = BUILT_PRODUCTS_DIR; };
		742A10D7211EEB6B00A80E15 /* Todoey.app */ = {isa = PBXFileReference; explicitFileType = wrapper.application; includeInIndex = 0; path = Todoey.app; sourceTree = BUILT_PRODUCTS_DIR; };
		742A10DA211EEB6B00A80E15 /* AppDelegate.swift */ = {isa = PBXFileReference; lastKnownFileType = sourcecode.swift; path = AppDelegate.swift; sourceTree = "<group>"; };
		742A10DC211EEB6B00A80E15 /* TodoListViewController.swift */ = {isa = PBXFileReference; lastKnownFileType = sourcecode.swift; path = TodoListViewController.swift; sourceTree = "<group>"; };
		742A10DF211EEB6B00A80E15 /* Base */ = {isa = PBXFileReference; lastKnownFileType = file.storyboard; name = Base; path = Base.lproj/Main.storyboard; sourceTree = "<group>"; };
		742A10E1211EEB9100A80E15 /* Assets.xcassets */ = {isa = PBXFileReference; lastKnownFileType = folder.assetcatalog; path = Assets.xcassets; sourceTree = "<group>"; };
		742A10E4211EEB9100A80E15 /* Base */ = {isa = PBXFileReference; lastKnownFileType = file.storyboard; name = Base; path = Base.lproj/LaunchScreen.storyboard; sourceTree = "<group>"; };
		742A10E6211EEB9100A80E15 /* Info.plist */ = {isa = PBXFileReference; lastKnownFileType = text.plist.xml; path = Info.plist; sourceTree = "<group>"; };
		74329FA02123011F00D3E698 /* CategoryViewController.swift */ = {isa = PBXFileReference; lastKnownFileType = sourcecode.swift; path = CategoryViewController.swift; sourceTree = "<group>"; };
		74476DD82129A1CD00215D65 /* SwipeTableViewController.swift */ = {isa = PBXFileReference; lastKnownFileType = sourcecode.swift; path = SwipeTableViewController.swift; sourceTree = "<group>"; };
		74BF287021288C440088DFE1 /* Item.swift */ = {isa = PBXFileReference; lastKnownFileType = sourcecode.swift; path = Item.swift; sourceTree = "<group>"; };
		74BF287221288C5A0088DFE1 /* Category.swift */ = {isa = PBXFileReference; lastKnownFileType = sourcecode.swift; path = Category.swift; sourceTree = "<group>"; };
		A5BF8DCC78A172DDE7751E14 /* Pods-Todoey.debug.xcconfig */ = {isa = PBXFileReference; includeInIndex = 1; lastKnownFileType = text.xcconfig; name = "Pods-Todoey.debug.xcconfig"; path = "Pods/Target Support Files/Pods-Todoey/Pods-Todoey.debug.xcconfig"; sourceTree = "<group>"; };
/* End PBXFileReference section */

/* Begin PBXFrameworksBuildPhase section */
		742A10D4211EEB6B00A80E15 /* Frameworks */ = {
			isa = PBXFrameworksBuildPhase;
			buildActionMask = 2147483647;
			files = (
				E298ACD21138BB021D52371F /* Pods_Todoey.framework in Frameworks */,
			);
			runOnlyForDeploymentPostprocessing = 0;
		};
/* End PBXFrameworksBuildPhase section */

/* Begin PBXGroup section */
		376CDE9D30189F629E17AFC5 /* Pods */ = {
			isa = PBXGroup;
			children = (
				A5BF8DCC78A172DDE7751E14 /* Pods-Todoey.debug.xcconfig */,
				5D2783F9FF99DFBF4ACE7374 /* Pods-Todoey.release.xcconfig */,
			);
			name = Pods;
			sourceTree = "<group>";
		};
		4AA339FC83743533ED55FF29 /* Frameworks */ = {
			isa = PBXGroup;
			children = (
				5FB0DD32678B3246B1AC719D /* Pods_Todoey.framework */,
			);
			name = Frameworks;
			sourceTree = "<group>";
		};
		742A10CE211EEB6B00A80E15 = {
			isa = PBXGroup;
			children = (
				742A10D9211EEB6B00A80E15 /* Todoey */,
				742A10D8211EEB6B00A80E15 /* Products */,
				376CDE9D30189F629E17AFC5 /* Pods */,
				4AA339FC83743533ED55FF29 /* Frameworks */,
			);
			sourceTree = "<group>";
		};
		742A10D8211EEB6B00A80E15 /* Products */ = {
			isa = PBXGroup;
			children = (
				742A10D7211EEB6B00A80E15 /* Todoey.app */,
			);
			name = Products;
			sourceTree = "<group>";
		};
		742A10D9211EEB6B00A80E15 /* Todoey */ = {
			isa = PBXGroup;
			children = (
				742A10DA211EEB6B00A80E15 /* AppDelegate.swift */,
				74E48E6A211F50BC00FA462C /* Controller */,
				74E48E68211F503C00FA462C /* Model */,
				74E48E69211F506000FA462C /* View */,
				74E48E6B211F513B00FA462C /* Supporting Files */,
				742A10E6211EEB9100A80E15 /* Info.plist */,
			);
			path = Todoey;
			sourceTree = "<group>";
		};
		74E48E68211F503C00FA462C /* Model */ = {
			isa = PBXGroup;
			children = (
				74BF287221288C5A0088DFE1 /* Category.swift */,
				74BF287021288C440088DFE1 /* Item.swift */,
			);
			path = Model;
			sourceTree = "<group>";
		};
		74E48E69211F506000FA462C /* View */ = {
			isa = PBXGroup;
			children = (
				742A10DE211EEB6B00A80E15 /* Main.storyboard */,
			);
			path = View;
			sourceTree = "<group>";
		};
		74E48E6A211F50BC00FA462C /* Controller */ = {
			isa = PBXGroup;
			children = (
				74329FA02123011F00D3E698 /* CategoryViewController.swift */,
				742A10DC211EEB6B00A80E15 /* TodoListViewController.swift */,
				74476DD82129A1CD00215D65 /* SwipeTableViewController.swift */,
			);
			path = Controller;
			sourceTree = "<group>";
		};
		74E48E6B211F513B00FA462C /* Supporting Files */ = {
			isa = PBXGroup;
			children = (
				742A10E3211EEB9100A80E15 /* LaunchScreen.storyboard */,
				742A10E1211EEB9100A80E15 /* Assets.xcassets */,
			);
			path = "Supporting Files";
			sourceTree = "<group>";
		};
/* End PBXGroup section */

/* Begin PBXNativeTarget section */
		742A10D6211EEB6B00A80E15 /* Todoey */ = {
			isa = PBXNativeTarget;
			buildConfigurationList = 742A10E9211EEB9100A80E15 /* Build configuration list for PBXNativeTarget "Todoey" */;
			buildPhases = (
				7852F1566FD37D1E3F55D610 /* [CP] Check Pods Manifest.lock */,
				742A10D3211EEB6B00A80E15 /* Sources */,
				742A10D4211EEB6B00A80E15 /* Frameworks */,
				742A10D5211EEB6B00A80E15 /* Resources */,
				51AC198D3ECDB8E1BADB804E /* [CP] Embed Pods Frameworks */,
			);
			buildRules = (
			);
			dependencies = (
			);
			name = Todoey;
			productName = Todoey;
			productReference = 742A10D7211EEB6B00A80E15 /* Todoey.app */;
			productType = "com.apple.product-type.application";
		};
/* End PBXNativeTarget section */

/* Begin PBXProject section */
		742A10CF211EEB6B00A80E15 /* Project object */ = {
			isa = PBXProject;
			attributes = {
				LastSwiftUpdateCheck = 0940;
				LastUpgradeCheck = 0940;
				ORGANIZATIONNAME = "Aidan Miskella";
				TargetAttributes = {
					742A10D6211EEB6B00A80E15 = {
						CreatedOnToolsVersion = 9.4.1;
					};
				};
			};
			buildConfigurationList = 742A10D2211EEB6B00A80E15 /* Build configuration list for PBXProject "Todoey" */;
			compatibilityVersion = "Xcode 9.3";
			developmentRegion = en;
			hasScannedForEncodings = 0;
			knownRegions = (
				en,
				Base,
			);
			mainGroup = 742A10CE211EEB6B00A80E15;
			productRefGroup = 742A10D8211EEB6B00A80E15 /* Products */;
			projectDirPath = "";
			projectRoot = "";
			targets = (
				742A10D6211EEB6B00A80E15 /* Todoey */,
			);
		};
/* End PBXProject section */

/* Begin PBXResourcesBuildPhase section */
		742A10D5211EEB6B00A80E15 /* Resources */ = {
			isa = PBXResourcesBuildPhase;
			buildActionMask = 2147483647;
			files = (
				742A10E5211EEB9100A80E15 /* LaunchScreen.storyboard in Resources */,
				742A10E2211EEB9100A80E15 /* Assets.xcassets in Resources */,
				742A10E0211EEB6B00A80E15 /* Main.storyboard in Resources */,
			);
			runOnlyForDeploymentPostprocessing = 0;
		};
/* End PBXResourcesBuildPhase section */

/* Begin PBXShellScriptBuildPhase section */
		51AC198D3ECDB8E1BADB804E /* [CP] Embed Pods Frameworks */ = {
			isa = PBXShellScriptBuildPhase;
			buildActionMask = 2147483647;
			files = (
			);
			inputPaths = (
				"${SRCROOT}/Pods/Target Support Files/Pods-Todoey/Pods-Todoey-frameworks.sh",
				"${BUILT_PRODUCTS_DIR}/ChameleonFramework/ChameleonFramework.framework",
				"${BUILT_PRODUCTS_DIR}/Realm/Realm.framework",
				"${BUILT_PRODUCTS_DIR}/RealmSwift/RealmSwift.framework",
				"${BUILT_PRODUCTS_DIR}/SwipeCellKit/SwipeCellKit.framework",
			);
			name = "[CP] Embed Pods Frameworks";
			outputPaths = (
				"${TARGET_BUILD_DIR}/${FRAMEWORKS_FOLDER_PATH}/ChameleonFramework.framework",
				"${TARGET_BUILD_DIR}/${FRAMEWORKS_FOLDER_PATH}/Realm.framework",
				"${TARGET_BUILD_DIR}/${FRAMEWORKS_FOLDER_PATH}/RealmSwift.framework",
				"${TARGET_BUILD_DIR}/${FRAMEWORKS_FOLDER_PATH}/SwipeCellKit.framework",
			);
			runOnlyForDeploymentPostprocessing = 0;
			shellPath = /bin/sh;
			shellScript = "\"${SRCROOT}/Pods/Target Support Files/Pods-Todoey/Pods-Todoey-frameworks.sh\"\n";
			showEnvVarsInLog = 0;
		};
		7852F1566FD37D1E3F55D610 /* [CP] Check Pods Manifest.lock */ = {
			isa = PBXShellScriptBuildPhase;
			buildActionMask = 2147483647;
			files = (
			);
			inputPaths = (
				"${PODS_PODFILE_DIR_PATH}/Podfile.lock",
				"${PODS_ROOT}/Manifest.lock",
			);
			name = "[CP] Check Pods Manifest.lock";
			outputPaths = (
				"$(DERIVED_FILE_DIR)/Pods-Todoey-checkManifestLockResult.txt",
			);
			runOnlyForDeploymentPostprocessing = 0;
			shellPath = /bin/sh;
			shellScript = "diff \"${PODS_PODFILE_DIR_PATH}/Podfile.lock\" \"${PODS_ROOT}/Manifest.lock\" > /dev/null\nif [ $? != 0 ] ; then\n    # print error to STDERR\n    echo \"error: The sandbox is not in sync with the Podfile.lock. Run 'pod install' or update your CocoaPods installation.\" >&2\n    exit 1\nfi\n# This output is used by Xcode 'outputs' to avoid re-running this script phase.\necho \"SUCCESS\" > \"${SCRIPT_OUTPUT_FILE_0}\"\n";
			showEnvVarsInLog = 0;
		};
/* End PBXShellScriptBuildPhase section */

/* Begin PBXSourcesBuildPhase section */
		742A10D3211EEB6B00A80E15 /* Sources */ = {
			isa = PBXSourcesBuildPhase;
			buildActionMask = 2147483647;
			files = (
				74BF287121288C440088DFE1 /* Item.swift in Sources */,
				74329FA12123011F00D3E698 /* CategoryViewController.swift in Sources */,
				742A10DD211EEB6B00A80E15 /* TodoListViewController.swift in Sources */,
				742A10DB211EEB6B00A80E15 /* AppDelegate.swift in Sources */,
				74476DD92129A1CD00215D65 /* SwipeTableViewController.swift in Sources */,
				74BF287321288C5A0088DFE1 /* Category.swift in Sources */,
			);
			runOnlyForDeploymentPostprocessing = 0;
		};
/* End PBXSourcesBuildPhase section */

/* Begin PBXVariantGroup section */
		742A10DE211EEB6B00A80E15 /* Main.storyboard */ = {
			isa = PBXVariantGroup;
			children = (
				742A10DF211EEB6B00A80E15 /* Base */,
			);
			name = Main.storyboard;
			sourceTree = "<group>";
		};
		742A10E3211EEB9100A80E15 /* LaunchScreen.storyboard */ = {
			isa = PBXVariantGroup;
			children = (
				742A10E4211EEB9100A80E15 /* Base */,
			);
			name = LaunchScreen.storyboard;
			sourceTree = "<group>";
		};
/* End PBXVariantGroup section */

/* Begin XCBuildConfiguration section */
		742A10E7211EEB9100A80E15 /* Debug */ = {
			isa = XCBuildConfiguration;
			buildSettings = {
				ALWAYS_SEARCH_USER_PATHS = NO;
				CLANG_ANALYZER_NONNULL = YES;
				CLANG_ANALYZER_NUMBER_OBJECT_CONVERSION = YES_AGGRESSIVE;
				CLANG_CXX_LANGUAGE_STANDARD = "gnu++14";
				CLANG_CXX_LIBRARY = "libc++";
				CLANG_ENABLE_MODULES = YES;
				CLANG_ENABLE_OBJC_ARC = YES;
				CLANG_ENABLE_OBJC_WEAK = YES;
				CLANG_WARN_BLOCK_CAPTURE_AUTORELEASING = YES;
				CLANG_WARN_BOOL_CONVERSION = YES;
				CLANG_WARN_COMMA = YES;
				CLANG_WARN_CONSTANT_CONVERSION = YES;
				CLANG_WARN_DEPRECATED_OBJC_IMPLEMENTATIONS = YES;
				CLANG_WARN_DIRECT_OBJC_ISA_USAGE = YES_ERROR;
				CLANG_WARN_DOCUMENTATION_COMMENTS = YES;
				CLANG_WARN_EMPTY_BODY = YES;
				CLANG_WARN_ENUM_CONVERSION = YES;
				CLANG_WARN_INFINITE_RECURSION = YES;
				CLANG_WARN_INT_CONVERSION = YES;
				CLANG_WARN_NON_LITERAL_NULL_CONVERSION = YES;
				CLANG_WARN_OBJC_IMPLICIT_RETAIN_SELF = YES;
				CLANG_WARN_OBJC_LITERAL_CONVERSION = YES;
				CLANG_WARN_OBJC_ROOT_CLASS = YES_ERROR;
				CLANG_WARN_RANGE_LOOP_ANALYSIS = YES;
				CLANG_WARN_STRICT_PROTOTYPES = YES;
				CLANG_WARN_SUSPICIOUS_MOVE = YES;
				CLANG_WARN_UNGUARDED_AVAILABILITY = YES_AGGRESSIVE;
				CLANG_WARN_UNREACHABLE_CODE = YES;
				CLANG_WARN__DUPLICATE_METHOD_MATCH = YES;
				CODE_SIGN_IDENTITY = "iPhone Developer";
				COPY_PHASE_STRIP = NO;
				DEBUG_INFORMATION_FORMAT = dwarf;
				ENABLE_STRICT_OBJC_MSGSEND = YES;
				ENABLE_TESTABILITY = YES;
				GCC_C_LANGUAGE_STANDARD = gnu11;
				GCC_DYNAMIC_NO_PIC = NO;
				GCC_NO_COMMON_BLOCKS = YES;
				GCC_OPTIMIZATION_LEVEL = 0;
				GCC_PREPROCESSOR_DEFINITIONS = (
					"DEBUG=1",
					"$(inherited)",
				);
				GCC_WARN_64_TO_32_BIT_CONVERSION = YES;
				GCC_WARN_ABOUT_RETURN_TYPE = YES_ERROR;
				GCC_WARN_UNDECLARED_SELECTOR = YES;
				GCC_WARN_UNINITIALIZED_AUTOS = YES_AGGRESSIVE;
				GCC_WARN_UNUSED_FUNCTION = YES;
				GCC_WARN_UNUSED_VARIABLE = YES;
				IPHONEOS_DEPLOYMENT_TARGET = 11.4;
				MTL_ENABLE_DEBUG_INFO = YES;
				ONLY_ACTIVE_ARCH = YES;
				SDKROOT = iphoneos;
				SWIFT_ACTIVE_COMPILATION_CONDITIONS = DEBUG;
				SWIFT_OPTIMIZATION_LEVEL = "-Onone";
			};
			name = Debug;
		};
		742A10E8211EEB9100A80E15 /* Release */ = {
			isa = XCBuildConfiguration;
			buildSettings = {
				ALWAYS_SEARCH_USER_PATHS = NO;
				CLANG_ANALYZER_NONNULL = YES;
				CLANG_ANALYZER_NUMBER_OBJECT_CONVERSION = YES_AGGRESSIVE;
				CLANG_CXX_LANGUAGE_STANDARD = "gnu++14";
				CLANG_CXX_LIBRARY = "libc++";
				CLANG_ENABLE_MODULES = YES;
				CLANG_ENABLE_OBJC_ARC = YES;
				CLANG_ENABLE_OBJC_WEAK = YES;
				CLANG_WARN_BLOCK_CAPTURE_AUTORELEASING = YES;
				CLANG_WARN_BOOL_CONVERSION = YES;
				CLANG_WARN_COMMA = YES;
				CLANG_WARN_CONSTANT_CONVERSION = YES;
				CLANG_WARN_DEPRECATED_OBJC_IMPLEMENTATIONS = YES;
				CLANG_WARN_DIRECT_OBJC_ISA_USAGE = YES_ERROR;
				CLANG_WARN_DOCUMENTATION_COMMENTS = YES;
				CLANG_WARN_EMPTY_BODY = YES;
				CLANG_WARN_ENUM_CONVERSION = YES;
				CLANG_WARN_INFINITE_RECURSION = YES;
				CLANG_WARN_INT_CONVERSION = YES;
				CLANG_WARN_NON_LITERAL_NULL_CONVERSION = YES;
				CLANG_WARN_OBJC_IMPLICIT_RETAIN_SELF = YES;
				CLANG_WARN_OBJC_LITERAL_CONVERSION = YES;
				CLANG_WARN_OBJC_ROOT_CLASS = YES_ERROR;
				CLANG_WARN_RANGE_LOOP_ANALYSIS = YES;
				CLANG_WARN_STRICT_PROTOTYPES = YES;
				CLANG_WARN_SUSPICIOUS_MOVE = YES;
				CLANG_WARN_UNGUARDED_AVAILABILITY = YES_AGGRESSIVE;
				CLANG_WARN_UNREACHABLE_CODE = YES;
				CLANG_WARN__DUPLICATE_METHOD_MATCH = YES;
				CODE_SIGN_IDENTITY = "iPhone Developer";
				COPY_PHASE_STRIP = NO;
				DEBUG_INFORMATION_FORMAT = "dwarf-with-dsym";
				ENABLE_NS_ASSERTIONS = NO;
				ENABLE_STRICT_OBJC_MSGSEND = YES;
				GCC_C_LANGUAGE_STANDARD = gnu11;
				GCC_NO_COMMON_BLOCKS = YES;
				GCC_WARN_64_TO_32_BIT_CONVERSION = YES;
				GCC_WARN_ABOUT_RETURN_TYPE = YES_ERROR;
				GCC_WARN_UNDECLARED_SELECTOR = YES;
				GCC_WARN_UNINITIALIZED_AUTOS = YES_AGGRESSIVE;
				GCC_WARN_UNUSED_FUNCTION = YES;
				GCC_WARN_UNUSED_VARIABLE = YES;
				IPHONEOS_DEPLOYMENT_TARGET = 11.4;
				MTL_ENABLE_DEBUG_INFO = NO;
				SDKROOT = iphoneos;
				SWIFT_COMPILATION_MODE = wholemodule;
				SWIFT_OPTIMIZATION_LEVEL = "-O";
				VALIDATE_PRODUCT = YES;
			};
			name = Release;
		};
		742A10EA211EEB9100A80E15 /* Debug */ = {
			isa = XCBuildConfiguration;
			baseConfigurationReference = A5BF8DCC78A172DDE7751E14 /* Pods-Todoey.debug.xcconfig */;
			buildSettings = {
				ASSETCATALOG_COMPILER_APPICON_NAME = AppIcon;
				CODE_SIGN_STYLE = Automatic;
				DEVELOPMENT_TEAM = 8CDXH35L83;
				INFOPLIST_FILE = Todoey/Info.plist;
				LD_RUNPATH_SEARCH_PATHS = (
					"$(inherited)",
					"@executable_path/Frameworks",
				);
				PRODUCT_BUNDLE_IDENTIFIER = com.aidanmiskella.Todoey;
				PRODUCT_NAME = "$(TARGET_NAME)";
				SWIFT_VERSION = 4.0;
				TARGETED_DEVICE_FAMILY = 1;
			};
			name = Debug;
		};
		742A10EB211EEB9100A80E15 /* Release */ = {
			isa = XCBuildConfiguration;
			baseConfigurationReference = 5D2783F9FF99DFBF4ACE7374 /* Pods-Todoey.release.xcconfig */;
			buildSettings = {
				ASSETCATALOG_COMPILER_APPICON_NAME = AppIcon;
				CODE_SIGN_STYLE = Automatic;
				DEVELOPMENT_TEAM = 8CDXH35L83;
				INFOPLIST_FILE = Todoey/Info.plist;
				LD_RUNPATH_SEARCH_PATHS = (
					"$(inherited)",
					"@executable_path/Frameworks",
				);
				PRODUCT_BUNDLE_IDENTIFIER = com.aidanmiskella.Todoey;
				PRODUCT_NAME = "$(TARGET_NAME)";
				SWIFT_VERSION = 4.0;
				TARGETED_DEVICE_FAMILY = 1;
			};
			name = Release;
		};
/* End XCBuildConfiguration section */

/* Begin XCConfigurationList section */
		742A10D2211EEB6B00A80E15 /* Build configuration list for PBXProject "Todoey" */ = {
			isa = XCConfigurationList;
			buildConfigurations = (
				742A10E7211EEB9100A80E15 /* Debug */,
				742A10E8211EEB9100A80E15 /* Release */,
			);
			defaultConfigurationIsVisible = 0;
			defaultConfigurationName = Release;
		};
		742A10E9211EEB9100A80E15 /* Build configuration list for PBXNativeTarget "Todoey" */ = {
			isa = XCConfigurationList;
			buildConfigurations = (
				742A10EA211EEB9100A80E15 /* Debug */,
				742A10EB211EEB9100A80E15 /* Release */,
			);
			defaultConfigurationIsVisible = 0;
			defaultConfigurationName = Release;
		};
/* End XCConfigurationList section */
	};
	rootObject = 742A10CF211EEB6B00A80E15 /* Project object */;
}
